{
  "name": "example-purejs",
  "lockfileVersion": 2,
  "requires": true,
  "packages": {
    "": {
      "dependencies": {
        "devlogs-validator": "^1.0.0"
      }
    },
    "node_modules/devlogs-validator": {
      "version": "1.0.0",
      "resolved": "https://registry.npmjs.org/devlogs-validator/-/devlogs-validator-1.0.0.tgz",
      "integrity": "sha512-lp17lwYC5gWBHPKP3cglR/bJurWrrQP7r5RgYvfPy1QJ58cTi5JzQ+3x7uSCp9n5ngdktLUn06cxvbgXhm1++Q=="
    }
  },
  "dependencies": {
    "devlogs-validator": {
      "version": "1.0.0",
      "resolved": "https://registry.npmjs.org/devlogs-validator/-/devlogs-validator-1.0.0.tgz",
      "integrity": "sha512-lp17lwYC5gWBHPKP3cglR/bJurWrrQP7r5RgYvfPy1QJ58cTi5JzQ+3x7uSCp9n5ngdktLUn06cxvbgXhm1++Q=="
    }
  }
}
